Microsoft Visual Studio Solution File, Format Version 12.00
# Visual Studio Version 17
VisualStudioVersion = 17.4.33213.308
MinimumVisualStudioVersion = 10.0.40219.1
Project("{9A19103F-16F7-4668-BE54-9A1E7A4F7556}") = "SFTPAssistantBot", "SFTPAssistantBot\SFTPAssistantBot.csproj", "{1241D27D-FB12-4DD7-BD02-8DBE4243F0F9}"
EndProject
Project("{9A19103F-16F7-4668-BE54-9A1E7A4F7556}") = "AzureStorageCustomAction", "AzureStorageCustomAction\AzureStorageCustomAction.csproj", "{2B0C1B7F-5600-424A-9C9B-B9DD0DA5A079}"
EndProject
Project("{9A19103F-16F7-4668-BE54-9A1E7A4F7556}") = "UploadBlobInAzureStorage", "UploadBlobInAzureStorage\UploadBlobInAzureStorage.csproj", "{7748E5F6-8416-4549-A544-81CB12DF698B}"
EndProject
Project("{9A19103F-16F7-4668-BE54-9A1E7A4F7556}") = "AzureStorageCustomAction.Tests", "AzureStorageCustomAction.Tests\AzureStorageCustomAction.Tests.csproj", "{CAF092C9-880D-42DC-9B8D-3BDB61D0C672}"
EndProject
Project("{FAE04EC0-301F-11D3-BF4B-00C04F79EFBC}") = "VMRunCommandCustomAction", "VMRunCommandCustomAction\VMRunCommandCustomAction.csproj", "{52E472F7-77DD-4716-867D-F1177E037E2D}"
EndProject
Project("{FAE04EC0-301F-11D3-BF4B-00C04F79EFBC}") = "VMRunCommandCustomAction.Tests", "VMRunCommandCustomAction.Tests\VMRunCommandCustomAction.Tests.csproj", "{545443AC-C439-48BD-B25A-79D6B6D7A18E}"
EndProject
Global
	GlobalSection(SolutionConfigurationPlatforms) = preSolution
		Debug|Any CPU = Debug|Any CPU
		Release|Any CPU = Release|Any CPU
	EndGlobalSection
	GlobalSection(ProjectConfigurationPlatforms) = postSolution
		{1241D27D-FB12-4DD7-BD02-8DBE4243F0F9}.Debug|Any CPU.ActiveCfg = Debug|Any CPU
		{1241D27D-FB12-4DD7-BD02-8DBE4243F0F9}.Debug|Any CPU.Build.0 = Debug|Any CPU
		{1241D27D-FB12-4DD7-BD02-8DBE4243F0F9}.Release|Any CPU.ActiveCfg = Release|Any CPU
		{1241D27D-FB12-4DD7-BD02-8DBE4243F0F9}.Release|Any CPU.Build.0 = Release|Any CPU
		{2B0C1B7F-5600-424A-9C9B-B9DD0DA5A079}.Debug|Any CPU.ActiveCfg = Debug|Any CPU
		{2B0C1B7F-5600-424A-9C9B-B9DD0DA5A079}.Debug|Any CPU.Build.0 = Debug|Any CPU
		{2B0C1B7F-5600-424A-9C9B-B9DD0DA5A079}.Release|Any CPU.ActiveCfg = Release|Any CPU
		{2B0C1B7F-5600-424A-9C9B-B9DD0DA5A079}.Release|Any CPU.Build.0 = Release|Any CPU
		{7748E5F6-8416-4549-A544-81CB12DF698B}.Debug|Any CPU.ActiveCfg = Debug|Any CPU
		{7748E5F6-8416-4549-A544-81CB12DF698B}.Debug|Any CPU.Build.0 = Debug|Any CPU
		{7748E5F6-8416-4549-A544-81CB12DF698B}.Release|Any CPU.ActiveCfg = Release|Any CPU
		{7748E5F6-8416-4549-A544-81CB12DF698B}.Release|Any CPU.Build.0 = Release|Any CPU
		{CAF092C9-880D-42DC-9B8D-3BDB61D0C672}.Debug|Any CPU.ActiveCfg = Debug|Any CPU
		{CAF092C9-880D-42DC-9B8D-3BDB61D0C672}.Debug|Any CPU.Build.0 = Debug|Any CPU
		{CAF092C9-880D-42DC-9B8D-3BDB61D0C672}.Release|Any CPU.ActiveCfg = Release|Any CPU
		{CAF092C9-880D-42DC-9B8D-3BDB61D0C672}.Release|Any CPU.Build.0 = Release|Any CPU
		{52E472F7-77DD-4716-867D-F1177E037E2D}.Debug|Any CPU.ActiveCfg = Debug|Any CPU
		{52E472F7-77DD-4716-867D-F1177E037E2D}.Debug|Any CPU.Build.0 = Debug|Any CPU
		{52E472F7-77DD-4716-867D-F1177E037E2D}.Release|Any CPU.ActiveCfg = Release|Any CPU
		{52E472F7-77DD-4716-867D-F1177E037E2D}.Release|Any CPU.Build.0 = Release|Any CPU
		{545443AC-C439-48BD-B25A-79D6B6D7A18E}.Debug|Any CPU.ActiveCfg = Debug|Any CPU
		{545443AC-C439-48BD-B25A-79D6B6D7A18E}.Debug|Any CPU.Build.0 = Debug|Any CPU
		{545443AC-C439-48BD-B25A-79D6B6D7A18E}.Release|Any CPU.ActiveCfg = Release|Any CPU
		{545443AC-C439-48BD-B25A-79D6B6D7A18E}.Release|Any CPU.Build.0 = Release|Any CPU
	EndGlobalSection
	GlobalSection(SolutionProperties) = preSolution
		HideSolutionNode = FALSE
	EndGlobalSection
	GlobalSection(ExtensibilityGlobals) = postSolution
		SolutionGuid = {38500102-45A2-4F8A-A952-A4CDDF25FC25}
	EndGlobalSection
EndGlobal
